
Microsoft Visual Studio Solution File, Format Version 12.00
# Visual Studio Version 16
VisualStudioVersion = 16.0.31829.152
MinimumVisualStudioVersion = 10.0.40219.1
Project("{2150E333-8FDC-42A3-9474-1A3956D46DE8}") = "Source", "Source", "{03BEED1F-EC4E-4F2E-B70C-699986A5BFE9}"
EndProject
Project("{2150E333-8FDC-42A3-9474-1A3956D46DE8}") = "Core", "Core", "{82786ADD-7CC6-48DC-9B03-FE662E35262E}"
EndProject
Project("{FAE04EC0-301F-11D3-BF4B-00C04F79EFBC}") = "Domain", "src\Domain\Domain.csproj", "{705A4ABC-75DC-4C97-A9E8-12C805890394}"
EndProject
Project("{FAE04EC0-301F-11D3-BF4B-00C04F79EFBC}") = "Application", "src\Application\Application.csproj", "{39E0DF75-3C19-4793-B17C-4E2480F3C589}"
EndProject
Project("{2150E333-8FDC-42A3-9474-1A3956D46DE8}") = "Infrastructure", "Infrastructure", "{F1AC6EDE-C78D-49C3-A904-1EE942A95C1D}"
EndProject
Project("{2150E333-8FDC-42A3-9474-1A3956D46DE8}") = "Shared", "Shared", "{5BFB9FB6-7311-4710-91E0-DA4F04DA687D}"
EndProject
Project("{2150E333-8FDC-42A3-9474-1A3956D46DE8}") = "Web", "Web", "{43710968-3FEB-430C-A897-D9BBE8F1A620}"
EndProject
Project("{2150E333-8FDC-42A3-9474-1A3956D46DE8}") = "Tests", "Tests", "{48EF6DB4-89D5-489B-B3B9-C171B3DBE508}"
EndProject
Project("{FAE04EC0-301F-11D3-BF4B-00C04F79EFBC}") = "Infrastructure", "src\Infrastructure\Infrastructure.csproj", "{13176E1A-F7BA-4FBA-B27E-350DC57F8953}"
EndProject
Project("{FAE04EC0-301F-11D3-BF4B-00C04F79EFBC}") = "Shared", "src\Shared\Shared.csproj", "{6C45CBAE-8AE0-434E-A126-4A74D72E9FD2}"
EndProject
Project("{FAE04EC0-301F-11D3-BF4B-00C04F79EFBC}") = "API", "src\API\API.csproj", "{C8F3E09E-BA83-4FA1-AEDD-9A5EEB2E4BA9}"
EndProject
Global
	GlobalSection(SolutionConfigurationPlatforms) = preSolution
		Debug|Any CPU = Debug|Any CPU
		Release|Any CPU = Release|Any CPU
	EndGlobalSection
	GlobalSection(ProjectConfigurationPlatforms) = postSolution
		{705A4ABC-75DC-4C97-A9E8-12C805890394}.Debug|Any CPU.ActiveCfg = Debug|Any CPU
		{705A4ABC-75DC-4C97-A9E8-12C805890394}.Debug|Any CPU.Build.0 = Debug|Any CPU
		{705A4ABC-75DC-4C97-A9E8-12C805890394}.Release|Any CPU.ActiveCfg = Release|Any CPU
		{705A4ABC-75DC-4C97-A9E8-12C805890394}.Release|Any CPU.Build.0 = Release|Any CPU
		{39E0DF75-3C19-4793-B17C-4E2480F3C589}.Debug|Any CPU.ActiveCfg = Debug|Any CPU
		{39E0DF75-3C19-4793-B17C-4E2480F3C589}.Debug|Any CPU.Build.0 = Debug|Any CPU
		{39E0DF75-3C19-4793-B17C-4E2480F3C589}.Release|Any CPU.ActiveCfg = Release|Any CPU
		{39E0DF75-3C19-4793-B17C-4E2480F3C589}.Release|Any CPU.Build.0 = Release|Any CPU
		{13176E1A-F7BA-4FBA-B27E-350DC57F8953}.Debug|Any CPU.ActiveCfg = Debug|Any CPU
		{13176E1A-F7BA-4FBA-B27E-350DC57F8953}.Debug|Any CPU.Build.0 = Debug|Any CPU
		{13176E1A-F7BA-4FBA-B27E-350DC57F8953}.Release|Any CPU.ActiveCfg = Release|Any CPU
		{13176E1A-F7BA-4FBA-B27E-350DC57F8953}.Release|Any CPU.Build.0 = Release|Any CPU
		{6C45CBAE-8AE0-434E-A126-4A74D72E9FD2}.Debug|Any CPU.ActiveCfg = Debug|Any CPU
		{6C45CBAE-8AE0-434E-A126-4A74D72E9FD2}.Debug|Any CPU.Build.0 = Debug|Any CPU
		{6C45CBAE-8AE0-434E-A126-4A74D72E9FD2}.Release|Any CPU.ActiveCfg = Release|Any CPU
		{6C45CBAE-8AE0-434E-A126-4A74D72E9FD2}.Release|Any CPU.Build.0 = Release|Any CPU
		{C8F3E09E-BA83-4FA1-AEDD-9A5EEB2E4BA9}.Debug|Any CPU.ActiveCfg = Debug|Any CPU
		{C8F3E09E-BA83-4FA1-AEDD-9A5EEB2E4BA9}.Debug|Any CPU.Build.0 = Debug|Any CPU
		{C8F3E09E-BA83-4FA1-AEDD-9A5EEB2E4BA9}.Release|Any CPU.ActiveCfg = Release|Any CPU
		{C8F3E09E-BA83-4FA1-AEDD-9A5EEB2E4BA9}.Release|Any CPU.Build.0 = Release|Any CPU
	EndGlobalSection
	GlobalSection(SolutionProperties) = preSolution
		HideSolutionNode = FALSE
	EndGlobalSection
	GlobalSection(NestedProjects) = preSolution
		{82786ADD-7CC6-48DC-9B03-FE662E35262E} = {03BEED1F-EC4E-4F2E-B70C-699986A5BFE9}
		{705A4ABC-75DC-4C97-A9E8-12C805890394} = {82786ADD-7CC6-48DC-9B03-FE662E35262E}
		{39E0DF75-3C19-4793-B17C-4E2480F3C589} = {82786ADD-7CC6-48DC-9B03-FE662E35262E}
		{F1AC6EDE-C78D-49C3-A904-1EE942A95C1D} = {03BEED1F-EC4E-4F2E-B70C-699986A5BFE9}
		{5BFB9FB6-7311-4710-91E0-DA4F04DA687D} = {03BEED1F-EC4E-4F2E-B70C-699986A5BFE9}
		{43710968-3FEB-430C-A897-D9BBE8F1A620} = {03BEED1F-EC4E-4F2E-B70C-699986A5BFE9}
		{13176E1A-F7BA-4FBA-B27E-350DC57F8953} = {F1AC6EDE-C78D-49C3-A904-1EE942A95C1D}
		{6C45CBAE-8AE0-434E-A126-4A74D72E9FD2} = {5BFB9FB6-7311-4710-91E0-DA4F04DA687D}
		{C8F3E09E-BA83-4FA1-AEDD-9A5EEB2E4BA9} = {43710968-3FEB-430C-A897-D9BBE8F1A620}
	EndGlobalSection
	GlobalSection(ExtensibilityGlobals) = postSolution
		SolutionGuid = {B1CA7DCD-F864-49AA-AF96-5847A105839B}
	EndGlobalSection
EndGlobal
